{
  "name": "ngx-avatar",
  "version": "4.2.0",
  "lockfileVersion": 2,
  "requires": true,
  "packages": {
    "": {
      "version": "4.2.0",
      "license": "MIT",
      "dependencies": {
        "ts-md5": "^1.2.7",
        "tslib": "^2.1.0"
      },
      "peerDependencies": {
        "@angular/common": "^12.2.2",
        "@angular/core": "^12.2.2"
      }
    },
    "node_modules/@angular/common": {
      "version": "12.2.2",
      "resolved": "https://registry.npmjs.org/@angular/common/-/common-12.2.2.tgz",
      "integrity": "sha512-cAfPHis8ynpR+qV9ViztCuNBjJ8YRDivvpUXtXecJYYBUPQt9uIiMLeqvBuWmFr+zKD+yAhWywbHEo/4m1JVtQ==",
      "peer": true,
      "dependencies": {
        "tslib": "^2.2.0"
      },
      "engines": {
        "node": "^12.14.1 || >=14.0.0"
      },
      "peerDependencies": {
        "@angular/core": "12.2.2",
        "rxjs": "^6.5.3 || ^7.0.0"
      }
    },
    "node_modules/@angular/core": {
      "version": "12.2.2",
      "resolved": "https://registry.npmjs.org/@angular/core/-/core-12.2.2.tgz",
      "integrity": "sha512-zNgH1iFB1vCVNk9PZ+GCo0sZXD19Zt3BobgmHkWJ+PVXRPuKpuLBXWsq7d9IXdbFopQQWWfVHo0eDagIicrSFQ==",
      "peer": true,
      "dependencies": {
        "tslib": "^2.2.0"
      },
      "engines": {
        "node": "^12.14.1 || >=14.0.0"
      },
      "peerDependencies": {
        "rxjs": "^6.5.3 || ^7.0.0",
        "zone.js": "~0.11.4"
      }
    },
    "node_modules/rxjs": {
      "version": "7.3.0",
      "resolved": "https://registry.npmjs.org/rxjs/-/rxjs-7.3.0.tgz",
      "integrity": "sha512-p2yuGIg9S1epc3vrjKf6iVb3RCaAYjYskkO+jHIaV0IjOPlJop4UnodOoFb2xeNwlguqLYvGw1b1McillYb5Gw==",
      "peer": true,
      "dependencies": {
        "tslib": "~2.1.0"
      }
    },
    "node_modules/rxjs/node_modules/tslib": {
      "version": "2.1.0",
      "resolved": "https://registry.npmjs.org/tslib/-/tslib-2.1.0.tgz",
      "integrity": "sha512-hcVC3wYEziELGGmEEXue7D75zbwIIVUMWAVbHItGPx0ziyXxrOMQx4rQEVEV45Ut/1IotuEvwqPopzIOkDMf0A==",
      "peer": true
    },
    "node_modules/ts-md5": {
      "version": "1.2.9",
      "resolved": "https://registry.npmjs.org/ts-md5/-/ts-md5-1.2.9.tgz",
      "integrity": "sha512-/Efr7ZfGf8P+d9HXh0PLQD1CDipqD8j9apCFG96pODDoEaFLxXpV4En6tAc6y3fWyfhFGrqtNBRBS+eLVIB2uQ=="
    },
    "node_modules/tslib": {
      "version": "2.3.1",
      "resolved": "https://registry.npmjs.org/tslib/-/tslib-2.3.1.tgz",
      "integrity": "sha512-77EbyPPpMz+FRFRuAFlWMtmgUWGe9UOG2Z25NqCwiIjRhOf5iKGuzSe5P2w1laq+FkRy4p+PCuVkJSGkzTEKVw=="
    },
    "node_modules/zone.js": {
      "version": "0.11.4",
      "resolved": "https://registry.npmjs.org/zone.js/-/zone.js-0.11.4.tgz",
      "integrity": "sha512-DDh2Ab+A/B+9mJyajPjHFPWfYU1H+pdun4wnnk0OcQTNjem1XQSZ2CDW+rfZEUDjv5M19SBqAkjZi0x5wuB5Qw==",
      "peer": true,
      "dependencies": {
        "tslib": "^2.0.0"
      }
    }
  },
  "dependencies": {
    "@angular/common": {
      "version": "12.2.2",
      "resolved": "https://registry.npmjs.org/@angular/common/-/common-12.2.2.tgz",
      "integrity": "sha512-cAfPHis8ynpR+qV9ViztCuNBjJ8YRDivvpUXtXecJYYBUPQt9uIiMLeqvBuWmFr+zKD+yAhWywbHEo/4m1JVtQ==",
      "peer": true,
      "requires": {
        "tslib": "^2.2.0"
      }
    },
    "@angular/core": {
      "version": "12.2.2",
      "resolved": "https://registry.npmjs.org/@angular/core/-/core-12.2.2.tgz",
      "integrity": "sha512-zNgH1iFB1vCVNk9PZ+GCo0sZXD19Zt3BobgmHkWJ+PVXRPuKpuLBXWsq7d9IXdbFopQQWWfVHo0eDagIicrSFQ==",
      "peer": true,
      "requires": {
        "tslib": "^2.2.0"
      }
    },
    "rxjs": {
      "version": "7.3.0",
      "resolved": "https://registry.npmjs.org/rxjs/-/rxjs-7.3.0.tgz",
      "integrity": "sha512-p2yuGIg9S1epc3vrjKf6iVb3RCaAYjYskkO+jHIaV0IjOPlJop4UnodOoFb2xeNwlguqLYvGw1b1McillYb5Gw==",
      "peer": true,
      "requires": {
        "tslib": "~2.1.0"
      },
      "dependencies": {
        "tslib": {
          "version": "2.1.0",
          "resolved": "https://registry.npmjs.org/tslib/-/tslib-2.1.0.tgz",
          "integrity": "sha512-hcVC3wYEziELGGmEEXue7D75zbwIIVUMWAVbHItGPx0ziyXxrOMQx4rQEVEV45Ut/1IotuEvwqPopzIOkDMf0A==",
          "peer": true
        }
      }
    },
    "ts-md5": {
      "version": "1.2.9",
      "resolved": "https://registry.npmjs.org/ts-md5/-/ts-md5-1.2.9.tgz",
      "integrity": "sha512-/Efr7ZfGf8P+d9HXh0PLQD1CDipqD8j9apCFG96pODDoEaFLxXpV4En6tAc6y3fWyfhFGrqtNBRBS+eLVIB2uQ=="
    },
    "tslib": {
      "version": "2.3.1",
      "resolved": "https://registry.npmjs.org/tslib/-/tslib-2.3.1.tgz",
      "integrity": "sha512-77EbyPPpMz+FRFRuAFlWMtmgUWGe9UOG2Z25NqCwiIjRhOf5iKGuzSe5P2w1laq+FkRy4p+PCuVkJSGkzTEKVw=="
    },
    "zone.js": {
      "version": "0.11.4",
      "resolved": "https://registry.npmjs.org/zone.js/-/zone.js-0.11.4.tgz",
      "integrity": "sha512-DDh2Ab+A/B+9mJyajPjHFPWfYU1H+pdun4wnnk0OcQTNjem1XQSZ2CDW+rfZEUDjv5M19SBqAkjZi0x5wuB5Qw==",
      "peer": true,
      "requires": {
        "tslib": "^2.0.0"
      }
    }
  }
}
